{
  "name": "asl-lib-generator",
  "version": "1.0.0",
  "lockfileVersion": 2,
  "requires": true,
  "packages": {
    "": {
      "name": "asl-lib-generator",
      "version": "1.0.0",
      "license": "ISC",
      "dependencies": {
        "@types/node": "^17.0.21"
      },
      "devDependencies": {
        "@types/dts-bundle": "^0.0.32",
        "dts-bundle": "^0.7.3"
      }
    },
    "node_modules/@types/detect-indent": {
      "version": "0.1.30",
      "resolved": "https://registry.npmjs.org/@types/detect-indent/-/detect-indent-0.1.30.tgz",
      "integrity": "sha512-AUmj9JHuHTD94slY1WR1VulFxRGC6D1pcNCN0MCulKFyiihvV/28lLS8oRHgfmc2Cxq954J8Vmosa8qzm7PLGQ==",
      "dev": true
    },
    "node_modules/@types/dts-bundle": {
      "version": "0.0.32",
      "resolved": "https://registry.npmjs.org/@types/dts-bundle/-/dts-bundle-0.0.32.tgz",
      "integrity": "sha512-PjcbbB90SuJFaApDSubnqiG4H0WnFD2buOGIdv8QNzGwPG41HT3mT6gOx2QXUogwBW/2QWGGhuF379lnmYTsFA==",
      "dev": true
    },
    "node_modules/@types/glob": {
      "version": "5.0.30",
      "resolved": "https://registry.npmjs.org/@types/glob/-/glob-5.0.30.tgz",
      "integrity": "sha512-ZM05wDByI+WA153sfirJyEHoYYoIuZ7lA2dB/Gl8ymmpMTR78fNRtDMqa7Z6SdH4fZdLWZNRE6mZpx3XqBOrHw==",
      "dev": true,
      "dependencies": {
        "@types/minimatch": "*",
        "@types/node": "*"
      }
    },
    "node_modules/@types/minimatch": {
      "version": "3.0.5",
      "resolved": "https://registry.npmjs.org/@types/minimatch/-/minimatch-3.0.5.tgz",
      "integrity": "sha512-Klz949h02Gz2uZCMGwDUSDS1YBlTdDDgbWHi+81l29tQALUtvz4rAYi5uoVhE5Lagoq6DeqAUlbrHvW/mXDgdQ==",
      "dev": true
    },
    "node_modules/@types/mkdirp": {
      "version": "0.3.29",
      "resolved": "https://registry.npmjs.org/@types/mkdirp/-/mkdirp-0.3.29.tgz",
      "integrity": "sha512-QRLQpFsIQGO2k8pupga9abfei85GKotAtQ+F6xuQmSGomUt6C52TyMiTFpP8kUwuPKr00gNtu3itLlC6gvI/NA==",
      "dev": true
    },
    "node_modules/@types/node": {
      "version": "17.0.45",
      "resolved": "https://registry.npmjs.org/@types/node/-/node-17.0.45.tgz",
      "integrity": "sha512-w+tIMs3rq2afQdsPJlODhoUEKzFP1ayaoyl1CcnwtIlsVe7K7bA1NGm4s3PraqTLlXnbIN84zuBlxBWo1u9BLw=="
    },
    "node_modules/balanced-match": {
      "version": "1.0.2",
      "resolved": "https://registry.npmjs.org/balanced-match/-/balanced-match-1.0.2.tgz",
      "integrity": "sha512-3oSeUO0TMV67hN1AmbXsK4yaqU7tjiHlbxRDZOpH0KW9+CeX4bRAaX0Anxt0tx2MrpRpWwQaPwIlISEJhYU5Pw==",
      "dev": true
    },
    "node_modules/brace-expansion": {
      "version": "1.1.11",
      "resolved": "https://registry.npmjs.org/brace-expansion/-/brace-expansion-1.1.11.tgz",
      "integrity": "sha512-iCuPHDFgrHX7H2vEI/5xpz07zSHB00TpugqhmYtVmMO6518mCuRMoOYFldEBl0g187ufozdaHgWKcYFb61qGiA==",
      "dev": true,
      "dependencies": {
        "balanced-match": "^1.0.0",
        "concat-map": "0.0.1"
      }
    },
    "node_modules/commander": {
      "version": "2.20.3",
      "resolved": "https://registry.npmjs.org/commander/-/commander-2.20.3.tgz",
      "integrity": "sha512-GpVkmM8vF2vQUkj2LvZmD35JxeJOLCwJ9cUkugyk2nuhbv3+mJvpLYYt+0+USMxE+oj+ey/lJEnhZw75x/OMcQ==",
      "dev": true
    },
    "node_modules/concat-map": {
      "version": "0.0.1",
      "resolved": "https://registry.npmjs.org/concat-map/-/concat-map-0.0.1.tgz",
      "integrity": "sha512-/Srv4dswyQNBfohGpz9o6Yb3Gz3SrUDqBH5rTuhGR7ahtlbYKnVxw2bCFMRljaA7EXHaXZ8wsHdodFvbkhKmqg==",
      "dev": true
    },
    "node_modules/detect-indent": {
      "version": "0.2.0",
      "resolved": "https://registry.npmjs.org/detect-indent/-/detect-indent-0.2.0.tgz",
      "integrity": "sha512-C6jyrDu/eGH4KT0ZxAzijiH+ts5YLy7DqGFoDuHGxZjMOdjzRltp3jByySnpFBVIy4Em0ZkLN8tIV6mcREdw5A==",
      "dev": true,
      "dependencies": {
        "get-stdin": "^0.1.0",
        "minimist": "^0.1.0"
      },
      "bin": {
        "detect-indent": "cli.js"
      },
      "engines": {
        "node": ">=0.10.0"
      }
    },
    "node_modules/dts-bundle": {
      "version": "0.7.3",
      "resolved": "https://registry.npmjs.org/dts-bundle/-/dts-bundle-0.7.3.tgz",
      "integrity": "sha512-EEAEuPRk8QyKhoN90NHTh+spSQujkkvOnKWUfuzpmC/fgryiWopL1SegSktx0UsoPfNidIGVDN7/AXpBDBv0WQ==",
      "dev": true,
      "dependencies": {
        "@types/detect-indent": "0.1.30",
        "@types/glob": "5.0.30",
        "@types/mkdirp": "0.3.29",
        "@types/node": "8.0.0",
        "commander": "^2.9.0",
        "detect-indent": "^0.2.0",
        "glob": "^6.0.4",
        "mkdirp": "^0.5.0"
      },
      "bin": {
        "dts-bundle": "lib/dts-bundle.js"
      },
      "engines": {
        "node": ">= 0.10.0"
      }
    },
    "node_modules/dts-bundle/node_modules/@types/node": {
      "version": "8.0.0",
      "resolved": "https://registry.npmjs.org/@types/node/-/node-8.0.0.tgz",
      "integrity": "sha512-j2tekvJCO7j22cs+LO6i0kRPhmQ9MXaPZ55TzOc1lzkN5b6BWqq4AFjl04s1oRRQ1v5rSe+KEvnLUSTonuls/A==",
      "dev": true
    },
    "node_modules/get-stdin": {
      "version": "0.1.0",
      "resolved": "https://registry.npmjs.org/get-stdin/-/get-stdin-0.1.0.tgz",
      "integrity": "sha512-/WBu3IaQZxE3bs3BhBmR10ipDY4pjN+U4EZgXULa1eqKA0B/Lka/MVoAqhTVYBkkRlCrEGDOU9itrzIgm9Ksng==",
      "dev": true,
      "engines": {
        "node": ">=0.10.0"
      }
    },
    "node_modules/glob": {
      "version": "6.0.4",
      "resolved": "https://registry.npmjs.org/glob/-/glob-6.0.4.tgz",
      "integrity": "sha512-MKZeRNyYZAVVVG1oZeLaWie1uweH40m9AZwIwxyPbTSX4hHrVYSzLg0Ro5Z5R7XKkIX+Cc6oD1rqeDJnwsB8/A==",
      "dev": true,
      "dependencies": {
        "inflight": "^1.0.4",
        "inherits": "2",
        "minimatch": "2 || 3",
        "once": "^1.3.0",
        "path-is-absolute": "^1.0.0"
      },
      "engines": {
        "node": "*"
      }
    },
    "node_modules/inflight": {
      "version": "1.0.6",
      "resolved": "https://registry.npmjs.org/inflight/-/inflight-1.0.6.tgz",
      "integrity": "sha512-k92I/b08q4wvFscXCLvqfsHCrjrF7yiXsQuIVvVE7N82W3+aqpzuUdBbfhWcy/FZR3/4IgflMgKLOsvPDrGCJA==",
      "dev": true,
      "dependencies": {
        "once": "^1.3.0",
        "wrappy": "1"
      }
    },
    "node_modules/inherits": {
      "version": "2.0.4",
      "resolved": "https://registry.npmjs.org/inherits/-/inherits-2.0.4.tgz",
      "integrity": "sha512-k/vGaX4/Yla3WzyMCvTQOXYeIHvqOKtnqBduzTHpzpQZzAskKMhZ2K+EnBiSM9zGSoIFeMpXKxa4dYeZIQqewQ==",
      "dev": true
    },
    "node_modules/minimatch": {
      "version": "3.1.2",
      "resolved": "https://registry.npmjs.org/minimatch/-/minimatch-3.1.2.tgz",
      "integrity": "sha512-J7p63hRiAjw1NDEww1W7i37+ByIrOWO5XQQAzZ3VOcL0PNybwpfmV/N05zFAzwQ9USyEcX6t3UO+K5aqBQOIHw==",
      "dev": true,
      "dependencies": {
        "brace-expansion": "^1.1.7"
      },
      "engines": {
        "node": "*"
      }
    },
    "node_modules/minimist": {
      "version": "0.1.0",
      "resolved": "https://registry.npmjs.org/minimist/-/minimist-0.1.0.tgz",
      "integrity": "sha512-wR5Ipl99t0mTGwLjQJnBjrP/O7zBbLZqvA3aw32DmLx+nXHfWctUjzDjnDx09pX1Po86WFQazF9xUzfMea3Cnw==",
      "dev": true
    },
    "node_modules/mkdirp": {
      "version": "0.5.6",
      "resolved": "https://registry.npmjs.org/mkdirp/-/mkdirp-0.5.6.tgz",
      "integrity": "sha512-FP+p8RB8OWpF3YZBCrP5gtADmtXApB5AMLn+vdyA+PyxCjrCs00mjyUozssO33cwDeT3wNGdLxJ5M//YqtHAJw==",
      "dev": true,
      "dependencies": {
        "minimist": "^1.2.6"
      },
      "bin": {
        "mkdirp": "bin/cmd.js"
      }
    },
    "node_modules/mkdirp/node_modules/minimist": {
      "version": "1.2.6",
      "resolved": "https://registry.npmjs.org/minimist/-/minimist-1.2.6.tgz",
      "integrity": "sha512-Jsjnk4bw3YJqYzbdyBiNsPWHPfO++UGG749Cxs6peCu5Xg4nrena6OVxOYxrQTqww0Jmwt+Ref8rggumkTLz9Q==",
      "dev": true
    },
    "node_modules/once": {
      "version": "1.4.0",
      "resolved": "https://registry.npmjs.org/once/-/once-1.4.0.tgz",
      "integrity": "sha512-lNaJgI+2Q5URQBkccEKHTQOPaXdUxnZZElQTZY0MFUAuaEqe1E+Nyvgdz/aIyNi6Z9MzO5dv1H8n58/GELp3+w==",
      "dev": true,
      "dependencies": {
        "wrappy": "1"
      }
    },
    "node_modules/path-is-absolute": {
      "version": "1.0.1",
      "resolved": "https://registry.npmjs.org/path-is-absolute/-/path-is-absolute-1.0.1.tgz",
      "integrity": "sha512-AVbw3UJ2e9bq64vSaS9Am0fje1Pa8pbGqTTsmXfaIiMpnr5DlDhfJOuLj9Sf95ZPVDAUerDfEk88MPmPe7UCQg==",
      "dev": true,
      "engines": {
        "node": ">=0.10.0"
      }
    },
    "node_modules/wrappy": {
      "version": "1.0.2",
      "resolved": "https://registry.npmjs.org/wrappy/-/wrappy-1.0.2.tgz",
      "integrity": "sha512-l4Sp/DRseor9wL6EvV2+TuQn63dMkPjZ/sp9XkghTEbV9KlPS1xUsZ3u7/IQO4wxtcFB4bgpQPRcR3QCvezPcQ==",
      "dev": true
    }
  },
  "dependencies": {
    "@types/detect-indent": {
      "version": "0.1.30",
      "resolved": "https://registry.npmjs.org/@types/detect-indent/-/detect-indent-0.1.30.tgz",
      "integrity": "sha512-AUmj9JHuHTD94slY1WR1VulFxRGC6D1pcNCN0MCulKFyiihvV/28lLS8oRHgfmc2Cxq954J8Vmosa8qzm7PLGQ==",
      "dev": true
    },
    "@types/dts-bundle": {
      "version": "0.0.32",
      "resolved": "https://registry.npmjs.org/@types/dts-bundle/-/dts-bundle-0.0.32.tgz",
      "integrity": "sha512-PjcbbB90SuJFaApDSubnqiG4H0WnFD2buOGIdv8QNzGwPG41HT3mT6gOx2QXUogwBW/2QWGGhuF379lnmYTsFA==",
      "dev": true
    },
    "@types/glob": {
      "version": "5.0.30",
      "resolved": "https://registry.npmjs.org/@types/glob/-/glob-5.0.30.tgz",
      "integrity": "sha512-ZM05wDByI+WA153sfirJyEHoYYoIuZ7lA2dB/Gl8ymmpMTR78fNRtDMqa7Z6SdH4fZdLWZNRE6mZpx3XqBOrHw==",
      "dev": true,
      "requires": {
        "@types/minimatch": "*",
        "@types/node": "*"
      }
    },
    "@types/minimatch": {
      "version": "3.0.5",
      "resolved": "https://registry.npmjs.org/@types/minimatch/-/minimatch-3.0.5.tgz",
      "integrity": "sha512-Klz949h02Gz2uZCMGwDUSDS1YBlTdDDgbWHi+81l29tQALUtvz4rAYi5uoVhE5Lagoq6DeqAUlbrHvW/mXDgdQ==",
      "dev": true
    },
    "@types/mkdirp": {
      "version": "0.3.29",
      "resolved": "https://registry.npmjs.org/@types/mkdirp/-/mkdirp-0.3.29.tgz",
      "integrity": "sha512-QRLQpFsIQGO2k8pupga9abfei85GKotAtQ+F6xuQmSGomUt6C52TyMiTFpP8kUwuPKr00gNtu3itLlC6gvI/NA==",
      "dev": true
    },
    "@types/node": {
      "version": "17.0.45",
      "resolved": "https://registry.npmjs.org/@types/node/-/node-17.0.45.tgz",
      "integrity": "sha512-w+tIMs3rq2afQdsPJlODhoUEKzFP1ayaoyl1CcnwtIlsVe7K7bA1NGm4s3PraqTLlXnbIN84zuBlxBWo1u9BLw=="
    },
    "balanced-match": {
      "version": "1.0.2",
      "resolved": "https://registry.npmjs.org/balanced-match/-/balanced-match-1.0.2.tgz",
      "integrity": "sha512-3oSeUO0TMV67hN1AmbXsK4yaqU7tjiHlbxRDZOpH0KW9+CeX4bRAaX0Anxt0tx2MrpRpWwQaPwIlISEJhYU5Pw==",
      "dev": true
    },
    "brace-expansion": {
      "version": "1.1.11",
      "resolved": "https://registry.npmjs.org/brace-expansion/-/brace-expansion-1.1.11.tgz",
      "integrity": "sha512-iCuPHDFgrHX7H2vEI/5xpz07zSHB00TpugqhmYtVmMO6518mCuRMoOYFldEBl0g187ufozdaHgWKcYFb61qGiA==",
      "dev": true,
      "requires": {
        "balanced-match": "^1.0.0",
        "concat-map": "0.0.1"
      }
    },
    "commander": {
      "version": "2.20.3",
      "resolved": "https://registry.npmjs.org/commander/-/commander-2.20.3.tgz",
      "integrity": "sha512-GpVkmM8vF2vQUkj2LvZmD35JxeJOLCwJ9cUkugyk2nuhbv3+mJvpLYYt+0+USMxE+oj+ey/lJEnhZw75x/OMcQ==",
      "dev": true
    },
    "concat-map": {
      "version": "0.0.1",
      "resolved": "https://registry.npmjs.org/concat-map/-/concat-map-0.0.1.tgz",
      "integrity": "sha512-/Srv4dswyQNBfohGpz9o6Yb3Gz3SrUDqBH5rTuhGR7ahtlbYKnVxw2bCFMRljaA7EXHaXZ8wsHdodFvbkhKmqg==",
      "dev": true
    },
    "detect-indent": {
      "version": "0.2.0",
      "resolved": "https://registry.npmjs.org/detect-indent/-/detect-indent-0.2.0.tgz",
      "integrity": "sha512-C6jyrDu/eGH4KT0ZxAzijiH+ts5YLy7DqGFoDuHGxZjMOdjzRltp3jByySnpFBVIy4Em0ZkLN8tIV6mcREdw5A==",
      "dev": true,
      "requires": {
        "get-stdin": "^0.1.0",
        "minimist": "^0.1.0"
      }
    },
    "dts-bundle": {
      "version": "0.7.3",
      "resolved": "https://registry.npmjs.org/dts-bundle/-/dts-bundle-0.7.3.tgz",
      "integrity": "sha512-EEAEuPRk8QyKhoN90NHTh+spSQujkkvOnKWUfuzpmC/fgryiWopL1SegSktx0UsoPfNidIGVDN7/AXpBDBv0WQ==",
      "dev": true,
      "requires": {
        "@types/detect-indent": "0.1.30",
        "@types/glob": "5.0.30",
        "@types/mkdirp": "0.3.29",
        "@types/node": "8.0.0",
        "commander": "^2.9.0",
        "detect-indent": "^0.2.0",
        "glob": "^6.0.4",
        "mkdirp": "^0.5.0"
      },
      "dependencies": {
        "@types/node": {
          "version": "8.0.0",
          "resolved": "https://registry.npmjs.org/@types/node/-/node-8.0.0.tgz",
          "integrity": "sha512-j2tekvJCO7j22cs+LO6i0kRPhmQ9MXaPZ55TzOc1lzkN5b6BWqq4AFjl04s1oRRQ1v5rSe+KEvnLUSTonuls/A==",
          "dev": true
        }
      }
    },
    "get-stdin": {
      "version": "0.1.0",
      "resolved": "https://registry.npmjs.org/get-stdin/-/get-stdin-0.1.0.tgz",
      "integrity": "sha512-/WBu3IaQZxE3bs3BhBmR10ipDY4pjN+U4EZgXULa1eqKA0B/Lka/MVoAqhTVYBkkRlCrEGDOU9itrzIgm9Ksng==",
      "dev": true
    },
    "glob": {
      "version": "6.0.4",
      "resolved": "https://registry.npmjs.org/glob/-/glob-6.0.4.tgz",
      "integrity": "sha512-MKZeRNyYZAVVVG1oZeLaWie1uweH40m9AZwIwxyPbTSX4hHrVYSzLg0Ro5Z5R7XKkIX+Cc6oD1rqeDJnwsB8/A==",
      "dev": true,
      "requires": {
        "inflight": "^1.0.4",
        "inherits": "2",
        "minimatch": "2 || 3",
        "once": "^1.3.0",
        "path-is-absolute": "^1.0.0"
      }
    },
    "inflight": {
      "version": "1.0.6",
      "resolved": "https://registry.npmjs.org/inflight/-/inflight-1.0.6.tgz",
      "integrity": "sha512-k92I/b08q4wvFscXCLvqfsHCrjrF7yiXsQuIVvVE7N82W3+aqpzuUdBbfhWcy/FZR3/4IgflMgKLOsvPDrGCJA==",
      "dev": true,
      "requires": {
        "once": "^1.3.0",
        "wrappy": "1"
      }
    },
    "inherits": {
      "version": "2.0.4",
      "resolved": "https://registry.npmjs.org/inherits/-/inherits-2.0.4.tgz",
      "integrity": "sha512-k/vGaX4/Yla3WzyMCvTQOXYeIHvqOKtnqBduzTHpzpQZzAskKMhZ2K+EnBiSM9zGSoIFeMpXKxa4dYeZIQqewQ==",
      "dev": true
    },
    "minimatch": {
      "version": "3.1.2",
      "resolved": "https://registry.npmjs.org/minimatch/-/minimatch-3.1.2.tgz",
      "integrity": "sha512-J7p63hRiAjw1NDEww1W7i37+ByIrOWO5XQQAzZ3VOcL0PNybwpfmV/N05zFAzwQ9USyEcX6t3UO+K5aqBQOIHw==",
      "dev": true,
      "requires": {
        "brace-expansion": "^1.1.7"
      }
    },
    "minimist": {
      "version": "0.1.0",
      "resolved": "https://registry.npmjs.org/minimist/-/minimist-0.1.0.tgz",
      "integrity": "sha512-wR5Ipl99t0mTGwLjQJnBjrP/O7zBbLZqvA3aw32DmLx+nXHfWctUjzDjnDx09pX1Po86WFQazF9xUzfMea3Cnw==",
      "dev": true
    },
    "mkdirp": {
      "version": "0.5.6",
      "resolved": "https://registry.npmjs.org/mkdirp/-/mkdirp-0.5.6.tgz",
      "integrity": "sha512-FP+p8RB8OWpF3YZBCrP5gtADmtXApB5AMLn+vdyA+PyxCjrCs00mjyUozssO33cwDeT3wNGdLxJ5M//YqtHAJw==",
      "dev": true,
      "requires": {
        "minimist": "^1.2.6"
      },
      "dependencies": {
        "minimist": {
          "version": "1.2.6",
          "resolved": "https://registry.npmjs.org/minimist/-/minimist-1.2.6.tgz",
          "integrity": "sha512-Jsjnk4bw3YJqYzbdyBiNsPWHPfO++UGG749Cxs6peCu5Xg4nrena6OVxOYxrQTqww0Jmwt+Ref8rggumkTLz9Q==",
          "dev": true
        }
      }
    },
    "once": {
      "version": "1.4.0",
      "resolved": "https://registry.npmjs.org/once/-/once-1.4.0.tgz",
      "integrity": "sha512-lNaJgI+2Q5URQBkccEKHTQOPaXdUxnZZElQTZY0MFUAuaEqe1E+Nyvgdz/aIyNi6Z9MzO5dv1H8n58/GELp3+w==",
      "dev": true,
      "requires": {
        "wrappy": "1"
      }
    },
    "path-is-absolute": {
      "version": "1.0.1",
      "resolved": "https://registry.npmjs.org/path-is-absolute/-/path-is-absolute-1.0.1.tgz",
      "integrity": "sha512-AVbw3UJ2e9bq64vSaS9Am0fje1Pa8pbGqTTsmXfaIiMpnr5DlDhfJOuLj9Sf95ZPVDAUerDfEk88MPmPe7UCQg==",
      "dev": true
    },
    "wrappy": {
      "version": "1.0.2",
      "resolved": "https://registry.npmjs.org/wrappy/-/wrappy-1.0.2.tgz",
      "integrity": "sha512-l4Sp/DRseor9wL6EvV2+TuQn63dMkPjZ/sp9XkghTEbV9KlPS1xUsZ3u7/IQO4wxtcFB4bgpQPRcR3QCvezPcQ==",
      "dev": true
    }
  }
}
